
Microsoft Visual Studio Solution File, Format Version 12.00
# Visual Studio Version 17
VisualStudioVersion = 17.1.32228.430
MinimumVisualStudioVersion = 10.0.40219.1
Project("{2150E333-8FDC-42A3-9474-1A3956D46DE8}") = "Busines Logic", "Busines Logic", "{719BCD77-BD03-49EE-BF35-FEFA2C255B23}"
EndProject
Project("{2150E333-8FDC-42A3-9474-1A3956D46DE8}") = "Data Layer", "Data Layer", "{11DDA737-3A83-41FB-8739-26D93BA0A8ED}"
EndProject
Project("{2150E333-8FDC-42A3-9474-1A3956D46DE8}") = "Presentation", "Presentation", "{A192ECBC-32C9-4D9E-A2D7-FEB1A530FEFE}"
EndProject
Project("{FAE04EC0-301F-11D3-BF4B-00C04F79EFBC}") = "Pea.Dominio", "Pea.Dominio\Pea.Dominio.csproj", "{CCE5B148-E93D-4747-AD4D-280F651EDBCF}"
EndProject
Project("{FAE04EC0-301F-11D3-BF4B-00C04F79EFBC}") = "Pea2.Logic", "Pea2.Logic\Pea2.Logic.csproj", "{CD4CDCC4-28C1-41DE-B0CE-70ACF8677487}"
EndProject
Project("{FAE04EC0-301F-11D3-BF4B-00C04F79EFBC}") = "Pea2.Data", "Pea2.Data\Pea2.Data.csproj", "{B97E3185-51EF-45D1-9D81-B5B014B08531}"
EndProject
Project("{FAE04EC0-301F-11D3-BF4B-00C04F79EFBC}") = "Pea2.AppWin", "Pea2.AppWin\Pea2.AppWin.csproj", "{3117B9C8-8BCC-4617-9DA9-EB5681892858}"
EndProject
Global
	GlobalSection(SolutionConfigurationPlatforms) = preSolution
		Debug|Any CPU = Debug|Any CPU
		Release|Any CPU = Release|Any CPU
	EndGlobalSection
	GlobalSection(ProjectConfigurationPlatforms) = postSolution
		{CCE5B148-E93D-4747-AD4D-280F651EDBCF}.Debug|Any CPU.ActiveCfg = Debug|Any CPU
		{CCE5B148-E93D-4747-AD4D-280F651EDBCF}.Debug|Any CPU.Build.0 = Debug|Any CPU
		{CCE5B148-E93D-4747-AD4D-280F651EDBCF}.Release|Any CPU.ActiveCfg = Release|Any CPU
		{CCE5B148-E93D-4747-AD4D-280F651EDBCF}.Release|Any CPU.Build.0 = Release|Any CPU
		{CD4CDCC4-28C1-41DE-B0CE-70ACF8677487}.Debug|Any CPU.ActiveCfg = Debug|Any CPU
		{CD4CDCC4-28C1-41DE-B0CE-70ACF8677487}.Debug|Any CPU.Build.0 = Debug|Any CPU
		{CD4CDCC4-28C1-41DE-B0CE-70ACF8677487}.Release|Any CPU.ActiveCfg = Release|Any CPU
		{CD4CDCC4-28C1-41DE-B0CE-70ACF8677487}.Release|Any CPU.Build.0 = Release|Any CPU
		{B97E3185-51EF-45D1-9D81-B5B014B08531}.Debug|Any CPU.ActiveCfg = Debug|Any CPU
		{B97E3185-51EF-45D1-9D81-B5B014B08531}.Debug|Any CPU.Build.0 = Debug|Any CPU
		{B97E3185-51EF-45D1-9D81-B5B014B08531}.Release|Any CPU.ActiveCfg = Release|Any CPU
		{B97E3185-51EF-45D1-9D81-B5B014B08531}.Release|Any CPU.Build.0 = Release|Any CPU
		{3117B9C8-8BCC-4617-9DA9-EB5681892858}.Debug|Any CPU.ActiveCfg = Debug|Any CPU
		{3117B9C8-8BCC-4617-9DA9-EB5681892858}.Debug|Any CPU.Build.0 = Debug|Any CPU
		{3117B9C8-8BCC-4617-9DA9-EB5681892858}.Release|Any CPU.ActiveCfg = Release|Any CPU
		{3117B9C8-8BCC-4617-9DA9-EB5681892858}.Release|Any CPU.Build.0 = Release|Any CPU
	EndGlobalSection
	GlobalSection(SolutionProperties) = preSolution
		HideSolutionNode = FALSE
	EndGlobalSection
	GlobalSection(NestedProjects) = preSolution
		{CCE5B148-E93D-4747-AD4D-280F651EDBCF} = {719BCD77-BD03-49EE-BF35-FEFA2C255B23}
		{CD4CDCC4-28C1-41DE-B0CE-70ACF8677487} = {719BCD77-BD03-49EE-BF35-FEFA2C255B23}
		{B97E3185-51EF-45D1-9D81-B5B014B08531} = {11DDA737-3A83-41FB-8739-26D93BA0A8ED}
		{3117B9C8-8BCC-4617-9DA9-EB5681892858} = {A192ECBC-32C9-4D9E-A2D7-FEB1A530FEFE}
	EndGlobalSection
	GlobalSection(ExtensibilityGlobals) = postSolution
		SolutionGuid = {2B802F46-30E5-42AB-A97A-B3EB960C384A}
	EndGlobalSection
EndGlobal
